
Microsoft Visual Studio Solution File, Format Version 12.00
# Visual Studio Version 16
VisualStudioVersion = 25.0.1703.6
MinimumVisualStudioVersion = 10.0.40219.1
Project("{FAE04EC0-301F-11D3-BF4B-00C04F79EFBC}") = "CurrencyConverterApi-AZ", "CurrencyConverterApi-AZ\CurrencyConverterApi-AZ.csproj", "{9CD76B30-1C00-4631-B9AA-AE8D13616BAD}"
EndProject
Project("{FAE04EC0-301F-11D3-BF4B-00C04F79EFBC}") = "service-tests", "service-tests\service-tests.csproj", "{3B1C2F81-7FF5-43F2-ADDD-B4A4DAB76823}"
EndProject
Global
	GlobalSection(SolutionConfigurationPlatforms) = preSolution
		Debug|Any CPU = Debug|Any CPU
		Release|Any CPU = Release|Any CPU
	EndGlobalSection
	GlobalSection(ProjectConfigurationPlatforms) = postSolution
		{9CD76B30-1C00-4631-B9AA-AE8D13616BAD}.Debug|Any CPU.ActiveCfg = Debug|Any CPU
		{9CD76B30-1C00-4631-B9AA-AE8D13616BAD}.Debug|Any CPU.Build.0 = Debug|Any CPU
		{9CD76B30-1C00-4631-B9AA-AE8D13616BAD}.Release|Any CPU.ActiveCfg = Release|Any CPU
		{9CD76B30-1C00-4631-B9AA-AE8D13616BAD}.Release|Any CPU.Build.0 = Release|Any CPU
		{3B1C2F81-7FF5-43F2-ADDD-B4A4DAB76823}.Debug|Any CPU.ActiveCfg = Debug|Any CPU
		{3B1C2F81-7FF5-43F2-ADDD-B4A4DAB76823}.Debug|Any CPU.Build.0 = Debug|Any CPU
		{3B1C2F81-7FF5-43F2-ADDD-B4A4DAB76823}.Release|Any CPU.ActiveCfg = Release|Any CPU
		{3B1C2F81-7FF5-43F2-ADDD-B4A4DAB76823}.Release|Any CPU.Build.0 = Release|Any CPU
	EndGlobalSection
	GlobalSection(SolutionProperties) = preSolution
		HideSolutionNode = FALSE
	EndGlobalSection
	GlobalSection(ExtensibilityGlobals) = postSolution
		SolutionGuid = {B5954A28-F7DB-4434-944D-0EFD9CE9D3A9}
	EndGlobalSection
EndGlobal
